
Microsoft Visual Studio Solution File, Format Version 12.00
# Visual Studio Version 17
VisualStudioVersion = 17.8.34330.188
MinimumVisualStudioVersion = 10.0.40219.1
Project("{9A19103F-16F7-4668-BE54-9A1E7A4F7556}") = "Nodify", "Nodify\Nodify.csproj", "{A4349FD1-2774-42F2-90FD-7D8F4CA8BB71}"
EndProject
Project("{2150E333-8FDC-42A3-9474-1A3956D46DE8}") = "Examples", "Examples", "{E467F53A-3CCA-4EDB-BD33-FC89CA3C526B}"
EndProject
Project("{9A19103F-16F7-4668-BE54-9A1E7A4F7556}") = "Nodify.Playground", "Examples\Nodify.Playground\Nodify.Playground.csproj", "{423D54CA-9F42-4116-8755-13641F94151D}"
EndProject
Project("{9A19103F-16F7-4668-BE54-9A1E7A4F7556}") = "Nodify.StateMachine", "Examples\Nodify.StateMachine\Nodify.StateMachine.csproj", "{48569CA8-81C1-4B47-963B-0FC9358C5F01}"
EndProject
Project("{9A19103F-16F7-4668-BE54-9A1E7A4F7556}") = "Nodify.Shared", "Examples\Nodify.Shared\Nodify.Shared.csproj", "{499C8539-9973-4102-B976-57DB3F3C7DF3}"
EndProject
Project("{9A19103F-16F7-4668-BE54-9A1E7A4F7556}") = "Nodify.Calculator", "Examples\Nodify.Calculator\Nodify.Calculator.csproj", "{7ADD1DAF-B589-4742-8E72-872D2842E73D}"
EndProject
Project("{2150E333-8FDC-42A3-9474-1A3956D46DE8}") = "Solution Items", "Solution Items", "{88D231A7-D09F-492F-887F-DDBC46398284}"
	ProjectSection(SolutionItems) = preProject
		CHANGELOG.md = CHANGELOG.md
	EndProjectSection
EndProject
Project("{2150E333-8FDC-42A3-9474-1A3956D46DE8}") = "Test", "Test", "{B3CCF1F5-620D-4554-8892-F335532E2137}"
EndProject
Project("{FAE04EC0-301F-11D3-BF4B-00C04F79EFBC}") = "TestNodify2", "TestNodify2\TestNodify2.csproj", "{05A5E336-CE7A-4E6D-85B9-46D662C75098}"
EndProject
Project("{FAE04EC0-301F-11D3-BF4B-00C04F79EFBC}") = "SelectDirPath", "WpfApp1\SelectDirPath.csproj", "{307BE14E-3F7D-44C1-ADA8-04EBDE1E1007}"
EndProject
Project("{2150E333-8FDC-42A3-9474-1A3956D46DE8}") = "Plugins", "Plugins", "{E9026B23-90BD-4054-8134-589D8D964475}"
EndProject
Project("{FAE04EC0-301F-11D3-BF4B-00C04F79EFBC}") = "BrowserImageFlowNode", "BrowserImageFlowNode\BrowserImageFlowNode.csproj", "{86AC0EB8-CCBF-4CAD-82EC-34C62068B2DF}"
EndProject
Project("{FAE04EC0-301F-11D3-BF4B-00C04F79EFBC}") = "GetImageInfo", "GetImageInfo\GetImageInfo.csproj", "{9ECBFA09-EBC8-46B9-9F20-D8E7C30E3C1C}"
EndProject
Global
	GlobalSection(SolutionConfigurationPlatforms) = preSolution
		Debug|Any CPU = Debug|Any CPU
		Debug|ARM = Debug|ARM
		Debug|ARM64 = Debug|ARM64
		Debug|x64 = Debug|x64
		Debug|x86 = Debug|x86
		Release|Any CPU = Release|Any CPU
		Release|ARM = Release|ARM
		Release|ARM64 = Release|ARM64
		Release|x64 = Release|x64
		Release|x86 = Release|x86
	EndGlobalSection
	GlobalSection(ProjectConfigurationPlatforms) = postSolution
		{A4349FD1-2774-42F2-90FD-7D8F4CA8BB71}.Debug|Any CPU.ActiveCfg = Debug|Any CPU
		{A4349FD1-2774-42F2-90FD-7D8F4CA8BB71}.Debug|Any CPU.Build.0 = Debug|Any CPU
		{A4349FD1-2774-42F2-90FD-7D8F4CA8BB71}.Debug|ARM.ActiveCfg = Debug|Any CPU
		{A4349FD1-2774-42F2-90FD-7D8F4CA8BB71}.Debug|ARM.Build.0 = Debug|Any CPU
		{A4349FD1-2774-42F2-90FD-7D8F4CA8BB71}.Debug|ARM64.ActiveCfg = Debug|Any CPU
		{A4349FD1-2774-42F2-90FD-7D8F4CA8BB71}.Debug|ARM64.Build.0 = Debug|Any CPU
		{A4349FD1-2774-42F2-90FD-7D8F4CA8BB71}.Debug|x64.ActiveCfg = Debug|Any CPU
		{A4349FD1-2774-42F2-90FD-7D8F4CA8BB71}.Debug|x64.Build.0 = Debug|Any CPU
		{A4349FD1-2774-42F2-90FD-7D8F4CA8BB71}.Debug|x86.ActiveCfg = Debug|Any CPU
		{A4349FD1-2774-42F2-90FD-7D8F4CA8BB71}.Debug|x86.Build.0 = Debug|Any CPU
		{A4349FD1-2774-42F2-90FD-7D8F4CA8BB71}.Release|Any CPU.ActiveCfg = Release|Any CPU
		{A4349FD1-2774-42F2-90FD-7D8F4CA8BB71}.Release|Any CPU.Build.0 = Release|Any CPU
		{A4349FD1-2774-42F2-90FD-7D8F4CA8BB71}.Release|ARM.ActiveCfg = Release|Any CPU
		{A4349FD1-2774-42F2-90FD-7D8F4CA8BB71}.Release|ARM.Build.0 = Release|Any CPU
		{A4349FD1-2774-42F2-90FD-7D8F4CA8BB71}.Release|ARM64.ActiveCfg = Release|Any CPU
		{A4349FD1-2774-42F2-90FD-7D8F4CA8BB71}.Release|ARM64.Build.0 = Release|Any CPU
		{A4349FD1-2774-42F2-90FD-7D8F4CA8BB71}.Release|x64.ActiveCfg = Release|Any CPU
		{A4349FD1-2774-42F2-90FD-7D8F4CA8BB71}.Release|x64.Build.0 = Release|Any CPU
		{A4349FD1-2774-42F2-90FD-7D8F4CA8BB71}.Release|x86.ActiveCfg = Release|Any CPU
		{A4349FD1-2774-42F2-90FD-7D8F4CA8BB71}.Release|x86.Build.0 = Release|Any CPU
		{423D54CA-9F42-4116-8755-13641F94151D}.Debug|Any CPU.ActiveCfg = Debug|Any CPU
		{423D54CA-9F42-4116-8755-13641F94151D}.Debug|Any CPU.Build.0 = Debug|Any CPU
		{423D54CA-9F42-4116-8755-13641F94151D}.Debug|ARM.ActiveCfg = Debug|Any CPU
		{423D54CA-9F42-4116-8755-13641F94151D}.Debug|ARM.Build.0 = Debug|Any CPU
		{423D54CA-9F42-4116-8755-13641F94151D}.Debug|ARM64.ActiveCfg = Debug|Any CPU
		{423D54CA-9F42-4116-8755-13641F94151D}.Debug|ARM64.Build.0 = Debug|Any CPU
		{423D54CA-9F42-4116-8755-13641F94151D}.Debug|x64.ActiveCfg = Debug|Any CPU
		{423D54CA-9F42-4116-8755-13641F94151D}.Debug|x64.Build.0 = Debug|Any CPU
		{423D54CA-9F42-4116-8755-13641F94151D}.Debug|x86.ActiveCfg = Debug|Any CPU
		{423D54CA-9F42-4116-8755-13641F94151D}.Debug|x86.Build.0 = Debug|Any CPU
		{423D54CA-9F42-4116-8755-13641F94151D}.Release|Any CPU.ActiveCfg = Release|Any CPU
		{423D54CA-9F42-4116-8755-13641F94151D}.Release|Any CPU.Build.0 = Release|Any CPU
		{423D54CA-9F42-4116-8755-13641F94151D}.Release|ARM.ActiveCfg = Release|Any CPU
		{423D54CA-9F42-4116-8755-13641F94151D}.Release|ARM.Build.0 = Release|Any CPU
		{423D54CA-9F42-4116-8755-13641F94151D}.Release|ARM64.ActiveCfg = Release|Any CPU
		{423D54CA-9F42-4116-8755-13641F94151D}.Release|ARM64.Build.0 = Release|Any CPU
		{423D54CA-9F42-4116-8755-13641F94151D}.Release|x64.ActiveCfg = Release|Any CPU
		{423D54CA-9F42-4116-8755-13641F94151D}.Release|x64.Build.0 = Release|Any CPU
		{423D54CA-9F42-4116-8755-13641F94151D}.Release|x86.ActiveCfg = Release|Any CPU
		{423D54CA-9F42-4116-8755-13641F94151D}.Release|x86.Build.0 = Release|Any CPU
		{48569CA8-81C1-4B47-963B-0FC9358C5F01}.Debug|Any CPU.ActiveCfg = Debug|Any CPU
		{48569CA8-81C1-4B47-963B-0FC9358C5F01}.Debug|Any CPU.Build.0 = Debug|Any CPU
		{48569CA8-81C1-4B47-963B-0FC9358C5F01}.Debug|ARM.ActiveCfg = Debug|Any CPU
		{48569CA8-81C1-4B47-963B-0FC9358C5F01}.Debug|ARM.Build.0 = Debug|Any CPU
		{48569CA8-81C1-4B47-963B-0FC9358C5F01}.Debug|ARM64.ActiveCfg = Debug|Any CPU
		{48569CA8-81C1-4B47-963B-0FC9358C5F01}.Debug|ARM64.Build.0 = Debug|Any CPU
		{48569CA8-81C1-4B47-963B-0FC9358C5F01}.Debug|x64.ActiveCfg = Debug|Any CPU
		{48569CA8-81C1-4B47-963B-0FC9358C5F01}.Debug|x64.Build.0 = Debug|Any CPU
		{48569CA8-81C1-4B47-963B-0FC9358C5F01}.Debug|x86.ActiveCfg = Debug|Any CPU
		{48569CA8-81C1-4B47-963B-0FC9358C5F01}.Debug|x86.Build.0 = Debug|Any CPU
		{48569CA8-81C1-4B47-963B-0FC9358C5F01}.Release|Any CPU.ActiveCfg = Release|Any CPU
		{48569CA8-81C1-4B47-963B-0FC9358C5F01}.Release|Any CPU.Build.0 = Release|Any CPU
		{48569CA8-81C1-4B47-963B-0FC9358C5F01}.Release|ARM.ActiveCfg = Release|Any CPU
		{48569CA8-81C1-4B47-963B-0FC9358C5F01}.Release|ARM.Build.0 = Release|Any CPU
		{48569CA8-81C1-4B47-963B-0FC9358C5F01}.Release|ARM64.ActiveCfg = Release|Any CPU
		{48569CA8-81C1-4B47-963B-0FC9358C5F01}.Release|ARM64.Build.0 = Release|Any CPU
		{48569CA8-81C1-4B47-963B-0FC9358C5F01}.Release|x64.ActiveCfg = Release|Any CPU
		{48569CA8-81C1-4B47-963B-0FC9358C5F01}.Release|x64.Build.0 = Release|Any CPU
		{48569CA8-81C1-4B47-963B-0FC9358C5F01}.Release|x86.ActiveCfg = Release|Any CPU
		{48569CA8-81C1-4B47-963B-0FC9358C5F01}.Release|x86.Build.0 = Release|Any CPU
		{499C8539-9973-4102-B976-57DB3F3C7DF3}.Debug|Any CPU.ActiveCfg = Debug|Any CPU
		{499C8539-9973-4102-B976-57DB3F3C7DF3}.Debug|Any CPU.Build.0 = Debug|Any CPU
		{499C8539-9973-4102-B976-57DB3F3C7DF3}.Debug|ARM.ActiveCfg = Debug|Any CPU
		{499C8539-9973-4102-B976-57DB3F3C7DF3}.Debug|ARM.Build.0 = Debug|Any CPU
		{499C8539-9973-4102-B976-57DB3F3C7DF3}.Debug|ARM64.ActiveCfg = Debug|Any CPU
		{499C8539-9973-4102-B976-57DB3F3C7DF3}.Debug|ARM64.Build.0 = Debug|Any CPU
		{499C8539-9973-4102-B976-57DB3F3C7DF3}.Debug|x64.ActiveCfg = Debug|Any CPU
		{499C8539-9973-4102-B976-57DB3F3C7DF3}.Debug|x64.Build.0 = Debug|Any CPU
		{499C8539-9973-4102-B976-57DB3F3C7DF3}.Debug|x86.ActiveCfg = Debug|Any CPU
		{499C8539-9973-4102-B976-57DB3F3C7DF3}.Debug|x86.Build.0 = Debug|Any CPU
		{499C8539-9973-4102-B976-57DB3F3C7DF3}.Release|Any CPU.ActiveCfg = Release|Any CPU
		{499C8539-9973-4102-B976-57DB3F3C7DF3}.Release|Any CPU.Build.0 = Release|Any CPU
		{499C8539-9973-4102-B976-57DB3F3C7DF3}.Release|ARM.ActiveCfg = Release|Any CPU
		{499C8539-9973-4102-B976-57DB3F3C7DF3}.Release|ARM.Build.0 = Release|Any CPU
		{499C8539-9973-4102-B976-57DB3F3C7DF3}.Release|ARM64.ActiveCfg = Release|Any CPU
		{499C8539-9973-4102-B976-57DB3F3C7DF3}.Release|ARM64.Build.0 = Release|Any CPU
		{499C8539-9973-4102-B976-57DB3F3C7DF3}.Release|x64.ActiveCfg = Release|Any CPU
		{499C8539-9973-4102-B976-57DB3F3C7DF3}.Release|x64.Build.0 = Release|Any CPU
		{499C8539-9973-4102-B976-57DB3F3C7DF3}.Release|x86.ActiveCfg = Release|Any CPU
		{499C8539-9973-4102-B976-57DB3F3C7DF3}.Release|x86.Build.0 = Release|Any CPU
		{7ADD1DAF-B589-4742-8E72-872D2842E73D}.Debug|Any CPU.ActiveCfg = Debug|Any CPU
		{7ADD1DAF-B589-4742-8E72-872D2842E73D}.Debug|Any CPU.Build.0 = Debug|Any CPU
		{7ADD1DAF-B589-4742-8E72-872D2842E73D}.Debug|ARM.ActiveCfg = Debug|Any CPU
		{7ADD1DAF-B589-4742-8E72-872D2842E73D}.Debug|ARM.Build.0 = Debug|Any CPU
		{7ADD1DAF-B589-4742-8E72-872D2842E73D}.Debug|ARM64.ActiveCfg = Debug|Any CPU
		{7ADD1DAF-B589-4742-8E72-872D2842E73D}.Debug|ARM64.Build.0 = Debug|Any CPU
		{7ADD1DAF-B589-4742-8E72-872D2842E73D}.Debug|x64.ActiveCfg = Debug|Any CPU
		{7ADD1DAF-B589-4742-8E72-872D2842E73D}.Debug|x64.Build.0 = Debug|Any CPU
		{7ADD1DAF-B589-4742-8E72-872D2842E73D}.Debug|x86.ActiveCfg = Debug|Any CPU
		{7ADD1DAF-B589-4742-8E72-872D2842E73D}.Debug|x86.Build.0 = Debug|Any CPU
		{7ADD1DAF-B589-4742-8E72-872D2842E73D}.Release|Any CPU.ActiveCfg = Release|Any CPU
		{7ADD1DAF-B589-4742-8E72-872D2842E73D}.Release|Any CPU.Build.0 = Release|Any CPU
		{7ADD1DAF-B589-4742-8E72-872D2842E73D}.Release|ARM.ActiveCfg = Release|Any CPU
		{7ADD1DAF-B589-4742-8E72-872D2842E73D}.Release|ARM.Build.0 = Release|Any CPU
		{7ADD1DAF-B589-4742-8E72-872D2842E73D}.Release|ARM64.ActiveCfg = Release|Any CPU
		{7ADD1DAF-B589-4742-8E72-872D2842E73D}.Release|ARM64.Build.0 = Release|Any CPU
		{7ADD1DAF-B589-4742-8E72-872D2842E73D}.Release|x64.ActiveCfg = Release|Any CPU
		{7ADD1DAF-B589-4742-8E72-872D2842E73D}.Release|x64.Build.0 = Release|Any CPU
		{7ADD1DAF-B589-4742-8E72-872D2842E73D}.Release|x86.ActiveCfg = Release|Any CPU
		{7ADD1DAF-B589-4742-8E72-872D2842E73D}.Release|x86.Build.0 = Release|Any CPU
		{05A5E336-CE7A-4E6D-85B9-46D662C75098}.Debug|Any CPU.ActiveCfg = Debug|Any CPU
		{05A5E336-CE7A-4E6D-85B9-46D662C75098}.Debug|Any CPU.Build.0 = Debug|Any CPU
		{05A5E336-CE7A-4E6D-85B9-46D662C75098}.Debug|ARM.ActiveCfg = Debug|Any CPU
		{05A5E336-CE7A-4E6D-85B9-46D662C75098}.Debug|ARM.Build.0 = Debug|Any CPU
		{05A5E336-CE7A-4E6D-85B9-46D662C75098}.Debug|ARM64.ActiveCfg = Debug|Any CPU
		{05A5E336-CE7A-4E6D-85B9-46D662C75098}.Debug|ARM64.Build.0 = Debug|Any CPU
		{05A5E336-CE7A-4E6D-85B9-46D662C75098}.Debug|x64.ActiveCfg = Debug|Any CPU
		{05A5E336-CE7A-4E6D-85B9-46D662C75098}.Debug|x64.Build.0 = Debug|Any CPU
		{05A5E336-CE7A-4E6D-85B9-46D662C75098}.Debug|x86.ActiveCfg = Debug|Any CPU
		{05A5E336-CE7A-4E6D-85B9-46D662C75098}.Debug|x86.Build.0 = Debug|Any CPU
		{05A5E336-CE7A-4E6D-85B9-46D662C75098}.Release|Any CPU.ActiveCfg = Release|Any CPU
		{05A5E336-CE7A-4E6D-85B9-46D662C75098}.Release|Any CPU.Build.0 = Release|Any CPU
		{05A5E336-CE7A-4E6D-85B9-46D662C75098}.Release|ARM.ActiveCfg = Release|Any CPU
		{05A5E336-CE7A-4E6D-85B9-46D662C75098}.Release|ARM.Build.0 = Release|Any CPU
		{05A5E336-CE7A-4E6D-85B9-46D662C75098}.Release|ARM64.ActiveCfg = Release|Any CPU
		{05A5E336-CE7A-4E6D-85B9-46D662C75098}.Release|ARM64.Build.0 = Release|Any CPU
		{05A5E336-CE7A-4E6D-85B9-46D662C75098}.Release|x64.ActiveCfg = Release|Any CPU
		{05A5E336-CE7A-4E6D-85B9-46D662C75098}.Release|x64.Build.0 = Release|Any CPU
		{05A5E336-CE7A-4E6D-85B9-46D662C75098}.Release|x86.ActiveCfg = Release|Any CPU
		{05A5E336-CE7A-4E6D-85B9-46D662C75098}.Release|x86.Build.0 = Release|Any CPU
		{307BE14E-3F7D-44C1-ADA8-04EBDE1E1007}.Debug|Any CPU.ActiveCfg = Debug|Any CPU
		{307BE14E-3F7D-44C1-ADA8-04EBDE1E1007}.Debug|Any CPU.Build.0 = Debug|Any CPU
		{307BE14E-3F7D-44C1-ADA8-04EBDE1E1007}.Debug|ARM.ActiveCfg = Debug|Any CPU
		{307BE14E-3F7D-44C1-ADA8-04EBDE1E1007}.Debug|ARM.Build.0 = Debug|Any CPU
		{307BE14E-3F7D-44C1-ADA8-04EBDE1E1007}.Debug|ARM64.ActiveCfg = Debug|Any CPU
		{307BE14E-3F7D-44C1-ADA8-04EBDE1E1007}.Debug|ARM64.Build.0 = Debug|Any CPU
		{307BE14E-3F7D-44C1-ADA8-04EBDE1E1007}.Debug|x64.ActiveCfg = Debug|Any CPU
		{307BE14E-3F7D-44C1-ADA8-04EBDE1E1007}.Debug|x64.Build.0 = Debug|Any CPU
		{307BE14E-3F7D-44C1-ADA8-04EBDE1E1007}.Debug|x86.ActiveCfg = Debug|Any CPU
		{307BE14E-3F7D-44C1-ADA8-04EBDE1E1007}.Debug|x86.Build.0 = Debug|Any CPU
		{307BE14E-3F7D-44C1-ADA8-04EBDE1E1007}.Release|Any CPU.ActiveCfg = Release|Any CPU
		{307BE14E-3F7D-44C1-ADA8-04EBDE1E1007}.Release|Any CPU.Build.0 = Release|Any CPU
		{307BE14E-3F7D-44C1-ADA8-04EBDE1E1007}.Release|ARM.ActiveCfg = Release|Any CPU
		{307BE14E-3F7D-44C1-ADA8-04EBDE1E1007}.Release|ARM.Build.0 = Release|Any CPU
		{307BE14E-3F7D-44C1-ADA8-04EBDE1E1007}.Release|ARM64.ActiveCfg = Release|Any CPU
		{307BE14E-3F7D-44C1-ADA8-04EBDE1E1007}.Release|ARM64.Build.0 = Release|Any CPU
		{307BE14E-3F7D-44C1-ADA8-04EBDE1E1007}.Release|x64.ActiveCfg = Release|Any CPU
		{307BE14E-3F7D-44C1-ADA8-04EBDE1E1007}.Release|x64.Build.0 = Release|Any CPU
		{307BE14E-3F7D-44C1-ADA8-04EBDE1E1007}.Release|x86.ActiveCfg = Release|Any CPU
		{307BE14E-3F7D-44C1-ADA8-04EBDE1E1007}.Release|x86.Build.0 = Release|Any CPU
		{86AC0EB8-CCBF-4CAD-82EC-34C62068B2DF}.Debug|Any CPU.ActiveCfg = Debug|Any CPU
		{86AC0EB8-CCBF-4CAD-82EC-34C62068B2DF}.Debug|Any CPU.Build.0 = Debug|Any CPU
		{86AC0EB8-CCBF-4CAD-82EC-34C62068B2DF}.Debug|ARM.ActiveCfg = Debug|Any CPU
		{86AC0EB8-CCBF-4CAD-82EC-34C62068B2DF}.Debug|ARM.Build.0 = Debug|Any CPU
		{86AC0EB8-CCBF-4CAD-82EC-34C62068B2DF}.Debug|ARM64.ActiveCfg = Debug|Any CPU
		{86AC0EB8-CCBF-4CAD-82EC-34C62068B2DF}.Debug|ARM64.Build.0 = Debug|Any CPU
		{86AC0EB8-CCBF-4CAD-82EC-34C62068B2DF}.Debug|x64.ActiveCfg = Debug|Any CPU
		{86AC0EB8-CCBF-4CAD-82EC-34C62068B2DF}.Debug|x64.Build.0 = Debug|Any CPU
		{86AC0EB8-CCBF-4CAD-82EC-34C62068B2DF}.Debug|x86.ActiveCfg = Debug|Any CPU
		{86AC0EB8-CCBF-4CAD-82EC-34C62068B2DF}.Debug|x86.Build.0 = Debug|Any CPU
		{86AC0EB8-CCBF-4CAD-82EC-34C62068B2DF}.Release|Any CPU.ActiveCfg = Release|Any CPU
		{86AC0EB8-CCBF-4CAD-82EC-34C62068B2DF}.Release|Any CPU.Build.0 = Release|Any CPU
		{86AC0EB8-CCBF-4CAD-82EC-34C62068B2DF}.Release|ARM.ActiveCfg = Release|Any CPU
		{86AC0EB8-CCBF-4CAD-82EC-34C62068B2DF}.Release|ARM.Build.0 = Release|Any CPU
		{86AC0EB8-CCBF-4CAD-82EC-34C62068B2DF}.Release|ARM64.ActiveCfg = Release|Any CPU
		{86AC0EB8-CCBF-4CAD-82EC-34C62068B2DF}.Release|ARM64.Build.0 = Release|Any CPU
		{86AC0EB8-CCBF-4CAD-82EC-34C62068B2DF}.Release|x64.ActiveCfg = Release|Any CPU
		{86AC0EB8-CCBF-4CAD-82EC-34C62068B2DF}.Release|x64.Build.0 = Release|Any CPU
		{86AC0EB8-CCBF-4CAD-82EC-34C62068B2DF}.Release|x86.ActiveCfg = Release|Any CPU
		{86AC0EB8-CCBF-4CAD-82EC-34C62068B2DF}.Release|x86.Build.0 = Release|Any CPU
		{9ECBFA09-EBC8-46B9-9F20-D8E7C30E3C1C}.Debug|Any CPU.ActiveCfg = Debug|Any CPU
		{9ECBFA09-EBC8-46B9-9F20-D8E7C30E3C1C}.Debug|Any CPU.Build.0 = Debug|Any CPU
		{9ECBFA09-EBC8-46B9-9F20-D8E7C30E3C1C}.Debug|ARM.ActiveCfg = Debug|Any CPU
		{9ECBFA09-EBC8-46B9-9F20-D8E7C30E3C1C}.Debug|ARM.Build.0 = Debug|Any CPU
		{9ECBFA09-EBC8-46B9-9F20-D8E7C30E3C1C}.Debug|ARM64.ActiveCfg = Debug|Any CPU
		{9ECBFA09-EBC8-46B9-9F20-D8E7C30E3C1C}.Debug|ARM64.Build.0 = Debug|Any CPU
		{9ECBFA09-EBC8-46B9-9F20-D8E7C30E3C1C}.Debug|x64.ActiveCfg = Debug|Any CPU
		{9ECBFA09-EBC8-46B9-9F20-D8E7C30E3C1C}.Debug|x64.Build.0 = Debug|Any CPU
		{9ECBFA09-EBC8-46B9-9F20-D8E7C30E3C1C}.Debug|x86.ActiveCfg = Debug|Any CPU
		{9ECBFA09-EBC8-46B9-9F20-D8E7C30E3C1C}.Debug|x86.Build.0 = Debug|Any CPU
		{9ECBFA09-EBC8-46B9-9F20-D8E7C30E3C1C}.Release|Any CPU.ActiveCfg = Release|Any CPU
		{9ECBFA09-EBC8-46B9-9F20-D8E7C30E3C1C}.Release|Any CPU.Build.0 = Release|Any CPU
		{9ECBFA09-EBC8-46B9-9F20-D8E7C30E3C1C}.Release|ARM.ActiveCfg = Release|Any CPU
		{9ECBFA09-EBC8-46B9-9F20-D8E7C30E3C1C}.Release|ARM.Build.0 = Release|Any CPU
		{9ECBFA09-EBC8-46B9-9F20-D8E7C30E3C1C}.Release|ARM64.ActiveCfg = Release|Any CPU
		{9ECBFA09-EBC8-46B9-9F20-D8E7C30E3C1C}.Release|ARM64.Build.0 = Release|Any CPU
		{9ECBFA09-EBC8-46B9-9F20-D8E7C30E3C1C}.Release|x64.ActiveCfg = Release|Any CPU
		{9ECBFA09-EBC8-46B9-9F20-D8E7C30E3C1C}.Release|x64.Build.0 = Release|Any CPU
		{9ECBFA09-EBC8-46B9-9F20-D8E7C30E3C1C}.Release|x86.ActiveCfg = Release|Any CPU
		{9ECBFA09-EBC8-46B9-9F20-D8E7C30E3C1C}.Release|x86.Build.0 = Release|Any CPU
	EndGlobalSection
	GlobalSection(SolutionProperties) = preSolution
		HideSolutionNode = FALSE
	EndGlobalSection
	GlobalSection(NestedProjects) = preSolution
		{423D54CA-9F42-4116-8755-13641F94151D} = {E467F53A-3CCA-4EDB-BD33-FC89CA3C526B}
		{48569CA8-81C1-4B47-963B-0FC9358C5F01} = {E467F53A-3CCA-4EDB-BD33-FC89CA3C526B}
		{499C8539-9973-4102-B976-57DB3F3C7DF3} = {E467F53A-3CCA-4EDB-BD33-FC89CA3C526B}
		{7ADD1DAF-B589-4742-8E72-872D2842E73D} = {E467F53A-3CCA-4EDB-BD33-FC89CA3C526B}
		{05A5E336-CE7A-4E6D-85B9-46D662C75098} = {B3CCF1F5-620D-4554-8892-F335532E2137}
		{307BE14E-3F7D-44C1-ADA8-04EBDE1E1007} = {E9026B23-90BD-4054-8134-589D8D964475}
		{86AC0EB8-CCBF-4CAD-82EC-34C62068B2DF} = {E9026B23-90BD-4054-8134-589D8D964475}
		{9ECBFA09-EBC8-46B9-9F20-D8E7C30E3C1C} = {E9026B23-90BD-4054-8134-589D8D964475}
	EndGlobalSection
	GlobalSection(ExtensibilityGlobals) = postSolution
		SolutionGuid = {B9E59DB6-FB93-48F3-A8E0-1E549009E043}
	EndGlobalSection
EndGlobal
